// !$*UTF8*$!
{
	archiveVersion = 1;
	classes = {
	};
	objectVersion = 51;
	objects = {

/* Begin PBXBuildFile section */
		43A1959825F7AC7500A3A7D7 /* AppDelegate.swift in Sources */ = {isa = PBXBuildFile; fileRef = 43A1959725F7AC7500A3A7D7 /* AppDelegate.swift */; };
		43A1959A25F7AC7500A3A7D7 /* SceneDelegate.swift in Sources */ = {isa = PBXBuildFile; fileRef = 43A1959925F7AC7500A3A7D7 /* SceneDelegate.swift */; };
		43A1959C25F7AC7500A3A7D7 /* SearchViewController.swift in Sources */ = {isa = PBXBuildFile; fileRef = 43A1959B25F7AC7500A3A7D7 /* SearchViewController.swift */; };
		43A1959F25F7AC7500A3A7D7 /* Main.storyboard in Resources */ = {isa = PBXBuildFile; fileRef = 43A1959D25F7AC7500A3A7D7 /* Main.storyboard */; };
		43A195A125F7AC7B00A3A7D7 /* Assets.xcassets in Resources */ = {isa = PBXBuildFile; fileRef = 43A195A025F7AC7B00A3A7D7 /* Assets.xcassets */; };
		43A195A425F7AC7B00A3A7D7 /* LaunchScreen.storyboard in Resources */ = {isa = PBXBuildFile; fileRef = 43A195A225F7AC7B00A3A7D7 /* LaunchScreen.storyboard */; };
		43A195B125F7AEA300A3A7D7 /* DetailViewController.swift in Sources */ = {isa = PBXBuildFile; fileRef = 43A195B025F7AEA300A3A7D7 /* DetailViewController.swift */; };
		43A195B425F7AEC200A3A7D7 /* WebViewController.swift in Sources */ = {isa = PBXBuildFile; fileRef = 43A195B325F7AEC200A3A7D7 /* WebViewController.swift */; };
		43A195B725F7AFC000A3A7D7 /* RepositoryModel.swift in Sources */ = {isa = PBXBuildFile; fileRef = 43A195B625F7AFC000A3A7D7 /* RepositoryModel.swift */; };
		43A195BC25F7B07700A3A7D7 /* API.swift in Sources */ = {isa = PBXBuildFile; fileRef = 43A195BB25F7B07700A3A7D7 /* API.swift */; };
		43A195C325F7B11C00A3A7D7 /* RepositoryCell.swift in Sources */ = {isa = PBXBuildFile; fileRef = 43A195C125F7B11C00A3A7D7 /* RepositoryCell.swift */; };
		43A195C425F7B11C00A3A7D7 /* RepositoryCell.xib in Resources */ = {isa = PBXBuildFile; fileRef = 43A195C225F7B11C00A3A7D7 /* RepositoryCell.xib */; };
		4B24AADFF453D8252F482D32 /* Pods_Github.framework in Frameworks */ = {isa = PBXBuildFile; fileRef = F10018AB263EBE4E6EE0573B /* Pods_Github.framework */; };
/* End PBXBuildFile section */

/* Begin PBXFileReference section */
		43A1959425F7AC7500A3A7D7 /* Github.app */ = {isa = PBXFileReference; explicitFileType = wrapper.application; includeInIndex = 0; path = Github.app; sourceTree = BUILT_PRODUCTS_DIR; };
		43A1959725F7AC7500A3A7D7 /* AppDelegate.swift */ = {isa = PBXFileReference; lastKnownFileType = sourcecode.swift; path = AppDelegate.swift; sourceTree = "<group>"; };
		43A1959925F7AC7500A3A7D7 /* SceneDelegate.swift */ = {isa = PBXFileReference; lastKnownFileType = sourcecode.swift; path = SceneDelegate.swift; sourceTree = "<group>"; };
		43A1959B25F7AC7500A3A7D7 /* SearchViewController.swift */ = {isa = PBXFileReference; lastKnownFileType = sourcecode.swift; path = SearchViewController.swift; sourceTree = "<group>"; };
		43A1959E25F7AC7500A3A7D7 /* Base */ = {isa = PBXFileReference; lastKnownFileType = file.storyboard; name = Base; path = Base.lproj/Main.storyboard; sourceTree = "<group>"; };
		43A195A025F7AC7B00A3A7D7 /* Assets.xcassets */ = {isa = PBXFileReference; lastKnownFileType = folder.assetcatalog; path = Assets.xcassets; sourceTree = "<group>"; };
		43A195A325F7AC7B00A3A7D7 /* Base */ = {isa = PBXFileReference; lastKnownFileType = file.storyboard; name = Base; path = Base.lproj/LaunchScreen.storyboard; sourceTree = "<group>"; };
		43A195A525F7AC7B00A3A7D7 /* Info.plist */ = {isa = PBXFileReference; lastKnownFileType = text.plist.xml; path = Info.plist; sourceTree = "<group>"; };
		43A195B025F7AEA300A3A7D7 /* DetailViewController.swift */ = {isa = PBXFileReference; lastKnownFileType = sourcecode.swift; path = DetailViewController.swift; sourceTree = "<group>"; };
		43A195B325F7AEC200A3A7D7 /* WebViewController.swift */ = {isa = PBXFileReference; lastKnownFileType = sourcecode.swift; path = WebViewController.swift; sourceTree = "<group>"; };
		43A195B625F7AFC000A3A7D7 /* RepositoryModel.swift */ = {isa = PBXFileReference; lastKnownFileType = sourcecode.swift; path = RepositoryModel.swift; sourceTree = "<group>"; };
		43A195BB25F7B07700A3A7D7 /* API.swift */ = {isa = PBXFileReference; lastKnownFileType = sourcecode.swift; path = API.swift; sourceTree = "<group>"; };
		43A195C125F7B11C00A3A7D7 /* RepositoryCell.swift */ = {isa = PBXFileReference; lastKnownFileType = sourcecode.swift; path = RepositoryCell.swift; sourceTree = "<group>"; };
		43A195C225F7B11C00A3A7D7 /* RepositoryCell.xib */ = {isa = PBXFileReference; lastKnownFileType = file.xib; path = RepositoryCell.xib; sourceTree = "<group>"; };
		DD60D20F1C75C5C8EEF6EC99 /* Pods-Github.debug.xcconfig */ = {isa = PBXFileReference; includeInIndex = 1; lastKnownFileType = text.xcconfig; name = "Pods-Github.debug.xcconfig"; path = "Target Support Files/Pods-Github/Pods-Github.debug.xcconfig"; sourceTree = "<group>"; };
		E55003A780ABFD0E2F9BFCBB /* Pods-Github.release.xcconfig */ = {isa = PBXFileReference; includeInIndex = 1; lastKnownFileType = text.xcconfig; name = "Pods-Github.release.xcconfig"; path = "Target Support Files/Pods-Github/Pods-Github.release.xcconfig"; sourceTree = "<group>"; };
		F10018AB263EBE4E6EE0573B /* Pods_Github.framework */ = {isa = PBXFileReference; explicitFileType = wrapper.framework; includeInIndex = 0; path = Pods_Github.framework; sourceTree = BUILT_PRODUCTS_DIR; };
/* End PBXFileReference section */

/* Begin PBXFrameworksBuildPhase section */
		43A1959125F7AC7500A3A7D7 /* Frameworks */ = {
			isa = PBXFrameworksBuildPhase;
			buildActionMask = 2147483647;
			files = (
				4B24AADFF453D8252F482D32 /* Pods_Github.framework in Frameworks */,
			);
			runOnlyForDeploymentPostprocessing = 0;
		};
/* End PBXFrameworksBuildPhase section */

/* Begin PBXGroup section */
		2EF5980EB1A73112D316A681 /* Pods */ = {
			isa = PBXGroup;
			children = (
				DD60D20F1C75C5C8EEF6EC99 /* Pods-Github.debug.xcconfig */,
				E55003A780ABFD0E2F9BFCBB /* Pods-Github.release.xcconfig */,
			);
			path = Pods;
			sourceTree = "<group>";
		};
		3AE7EA190EE7562B0E694FFF /* Frameworks */ = {
			isa = PBXGroup;
			children = (
				F10018AB263EBE4E6EE0573B /* Pods_Github.framework */,
			);
			name = Frameworks;
			sourceTree = "<group>";
		};
		439268D2260B1FF500A6E913 /* Service */ = {
			isa = PBXGroup;
			children = (
				43A195BB25F7B07700A3A7D7 /* API.swift */,
			);
			path = Service;
			sourceTree = "<group>";
		};
		43A1958B25F7AC7400A3A7D7 = {
			isa = PBXGroup;
			children = (
				43A1959625F7AC7500A3A7D7 /* Github */,
				43A1959525F7AC7500A3A7D7 /* Products */,
				2EF5980EB1A73112D316A681 /* Pods */,
				3AE7EA190EE7562B0E694FFF /* Frameworks */,
			);
			sourceTree = "<group>";
		};
		43A1959525F7AC7500A3A7D7 /* Products */ = {
			isa = PBXGroup;
			children = (
				43A1959425F7AC7500A3A7D7 /* Github.app */,
			);
			name = Products;
			sourceTree = "<group>";
		};
		43A1959625F7AC7500A3A7D7 /* Github */ = {
			isa = PBXGroup;
			children = (
				43A1959725F7AC7500A3A7D7 /* AppDelegate.swift */,
				43A1959925F7AC7500A3A7D7 /* SceneDelegate.swift */,
				439268D2260B1FF500A6E913 /* Service */,
				43A195B925F7AFDA00A3A7D7 /* Models */,
				43A195AE25F7AE7D00A3A7D7 /* Controllers */,
				43A195C725F8653E00A3A7D7 /* StoryBoards */,
				43A195C625F8650C00A3A7D7 /* Cell */,
				43A195A025F7AC7B00A3A7D7 /* Assets.xcassets */,
				43A195A525F7AC7B00A3A7D7 /* Info.plist */,
			);
			path = Github;
			sourceTree = "<group>";
		};
		43A195AE25F7AE7D00A3A7D7 /* Controllers */ = {
			isa = PBXGroup;
			children = (
				43A1959B25F7AC7500A3A7D7 /* SearchViewController.swift */,
				43A195B025F7AEA300A3A7D7 /* DetailViewController.swift */,
				43A195B325F7AEC200A3A7D7 /* WebViewController.swift */,
			);
			path = Controllers;
			sourceTree = "<group>";
		};
		43A195B925F7AFDA00A3A7D7 /* Models */ = {
			isa = PBXGroup;
			children = (
				43A195B625F7AFC000A3A7D7 /* RepositoryModel.swift */,
			);
			path = Models;
			sourceTree = "<group>";
		};
		43A195C625F8650C00A3A7D7 /* Cell */ = {
			isa = PBXGroup;
			children = (
				43A195C125F7B11C00A3A7D7 /* RepositoryCell.swift */,
				43A195C225F7B11C00A3A7D7 /* RepositoryCell.xib */,
			);
			path = Cell;
			sourceTree = "<group>";
		};
		43A195C725F8653E00A3A7D7 /* StoryBoards */ = {
			isa = PBXGroup;
			children = (
				43A1959D25F7AC7500A3A7D7 /* Main.storyboard */,
				43A195A225F7AC7B00A3A7D7 /* LaunchScreen.storyboard */,
			);
			path = StoryBoards;
			sourceTree = "<group>";
		};
/* End PBXGroup section */

/* Begin PBXNativeTarget section */
		43A1959325F7AC7500A3A7D7 /* Github */ = {
			isa = PBXNativeTarget;
			buildConfigurationList = 43A195A825F7AC7B00A3A7D7 /* Build configuration list for PBXNativeTarget "Github" */;
			buildPhases = (
				E7273F8B194566A4E9C8C383 /* [CP] Check Pods Manifest.lock */,
				43A1959025F7AC7500A3A7D7 /* Sources */,
				43A1959125F7AC7500A3A7D7 /* Frameworks */,
				43A1959225F7AC7500A3A7D7 /* Resources */,
				7E919C2E06F1292806F6514C /* [CP] Embed Pods Frameworks */,
			);
			buildRules = (
			);
			dependencies = (
			);
			name = Github;
			productName = Github;
			productReference = 43A1959425F7AC7500A3A7D7 /* Github.app */;
			productType = "com.apple.product-type.application";
		};
/* End PBXNativeTarget section */

/* Begin PBXProject section */
		43A1958C25F7AC7400A3A7D7 /* Project object */ = {
			isa = PBXProject;
			attributes = {
				LastSwiftUpdateCheck = 1240;
				LastUpgradeCheck = 1240;
				TargetAttributes = {
					43A1959325F7AC7500A3A7D7 = {
						CreatedOnToolsVersion = 12.4;
					};
				};
			};
			buildConfigurationList = 43A1958F25F7AC7400A3A7D7 /* Build configuration list for PBXProject "Github" */;
			compatibilityVersion = "Xcode 9.3";
			developmentRegion = en;
			hasScannedForEncodings = 0;
			knownRegions = (
				en,
				Base,
			);
			mainGroup = 43A1958B25F7AC7400A3A7D7;
			productRefGroup = 43A1959525F7AC7500A3A7D7 /* Products */;
			projectDirPath = "";
			projectRoot = "";
			targets = (
				43A1959325F7AC7500A3A7D7 /* Github */,
			);
		};
/* End PBXProject section */

/* Begin PBXResourcesBuildPhase section */
		43A1959225F7AC7500A3A7D7 /* Resources */ = {
			isa = PBXResourcesBuildPhase;
			buildActionMask = 2147483647;
			files = (
				43A195A425F7AC7B00A3A7D7 /* LaunchScreen.storyboard in Resources */,
				43A195A125F7AC7B00A3A7D7 /* Assets.xcassets in Resources */,
				43A1959F25F7AC7500A3A7D7 /* Main.storyboard in Resources */,
				43A195C425F7B11C00A3A7D7 /* RepositoryCell.xib in Resources */,
			);
			runOnlyForDeploymentPostprocessing = 0;
		};
/* End PBXResourcesBuildPhase section */

/* Begin PBXShellScriptBuildPhase section */
		7E919C2E06F1292806F6514C /* [CP] Embed Pods Frameworks */ = {
			isa = PBXShellScriptBuildPhase;
			buildActionMask = 2147483647;
			files = (
			);
			inputFileListPaths = (
				"${PODS_ROOT}/Target Support Files/Pods-Github/Pods-Github-frameworks-${CONFIGURATION}-input-files.xcfilelist",
			);
			name = "[CP] Embed Pods Frameworks";
			outputFileListPaths = (
				"${PODS_ROOT}/Target Support Files/Pods-Github/Pods-Github-frameworks-${CONFIGURATION}-output-files.xcfilelist",
			);
			runOnlyForDeploymentPostprocessing = 0;
			shellPath = /bin/sh;
			shellScript = "\"${PODS_ROOT}/Target Support Files/Pods-Github/Pods-Github-frameworks.sh\"\n";
			showEnvVarsInLog = 0;
		};
		E7273F8B194566A4E9C8C383 /* [CP] Check Pods Manifest.lock */ = {
			isa = PBXShellScriptBuildPhase;
			buildActionMask = 2147483647;
			files = (
			);
			inputFileListPaths = (
			);
			inputPaths = (
				"${PODS_PODFILE_DIR_PATH}/Podfile.lock",
				"${PODS_ROOT}/Manifest.lock",
			);
			name = "[CP] Check Pods Manifest.lock";
			outputFileListPaths = (
			);
			outputPaths = (
				"$(DERIVED_FILE_DIR)/Pods-Github-checkManifestLockResult.txt",
			);
			runOnlyForDeploymentPostprocessing = 0;
			shellPath = /bin/sh;
			shellScript = "diff \"${PODS_PODFILE_DIR_PATH}/Podfile.lock\" \"${PODS_ROOT}/Manifest.lock\" > /dev/null\nif [ $? != 0 ] ; then\n    # print error to STDERR\n    echo \"error: The sandbox is not in sync with the Podfile.lock. Run 'pod install' or update your CocoaPods installation.\" >&2\n    exit 1\nfi\n# This output is used by Xcode 'outputs' to avoid re-running this script phase.\necho \"SUCCESS\" > \"${SCRIPT_OUTPUT_FILE_0}\"\n";
			showEnvVarsInLog = 0;
		};
/* End PBXShellScriptBuildPhase section */

/* Begin PBXSourcesBuildPhase section */
		43A1959025F7AC7500A3A7D7 /* Sources */ = {
			isa = PBXSourcesBuildPhase;
			buildActionMask = 2147483647;
			files = (
				43A195C325F7B11C00A3A7D7 /* RepositoryCell.swift in Sources */,
				43A1959C25F7AC7500A3A7D7 /* SearchViewController.swift in Sources */,
				43A195B725F7AFC000A3A7D7 /* RepositoryModel.swift in Sources */,
				43A1959825F7AC7500A3A7D7 /* AppDelegate.swift in Sources */,
				43A1959A25F7AC7500A3A7D7 /* SceneDelegate.swift in Sources */,
				43A195BC25F7B07700A3A7D7 /* API.swift in Sources */,
				43A195B425F7AEC200A3A7D7 /* WebViewController.swift in Sources */,
				43A195B125F7AEA300A3A7D7 /* DetailViewController.swift in Sources */,
			);
			runOnlyForDeploymentPostprocessing = 0;
		};
/* End PBXSourcesBuildPhase section */

/* Begin PBXVariantGroup section */
		43A1959D25F7AC7500A3A7D7 /* Main.storyboard */ = {
			isa = PBXVariantGroup;
			children = (
				43A1959E25F7AC7500A3A7D7 /* Base */,
			);
			name = Main.storyboard;
			sourceTree = "<group>";
		};
		43A195A225F7AC7B00A3A7D7 /* LaunchScreen.storyboard */ = {
			isa = PBXVariantGroup;
			children = (
				43A195A325F7AC7B00A3A7D7 /* Base */,
			);
			name = LaunchScreen.storyboard;
			sourceTree = "<group>";
		};
/* End PBXVariantGroup section */

/* Begin XCBuildConfiguration section */
		43A195A625F7AC7B00A3A7D7 /* Debug */ = {
			isa = XCBuildConfiguration;
			buildSettings = {
				ALWAYS_SEARCH_USER_PATHS = NO;
				CLANG_ANALYZER_NONNULL = YES;
				CLANG_ANALYZER_NUMBER_OBJECT_CONVERSION = YES_AGGRESSIVE;
				CLANG_CXX_LANGUAGE_STANDARD = "gnu++14";
				CLANG_CXX_LIBRARY = "libc++";
				CLANG_ENABLE_MODULES = YES;
				CLANG_ENABLE_OBJC_ARC = YES;
				CLANG_ENABLE_OBJC_WEAK = YES;
				CLANG_WARN_BLOCK_CAPTURE_AUTORELEASING = YES;
				CLANG_WARN_BOOL_CONVERSION = YES;
				CLANG_WARN_COMMA = YES;
				CLANG_WARN_CONSTANT_CONVERSION = YES;
				CLANG_WARN_DEPRECATED_OBJC_IMPLEMENTATIONS = YES;
				CLANG_WARN_DIRECT_OBJC_ISA_USAGE = YES_ERROR;
				CLANG_WARN_DOCUMENTATION_COMMENTS = YES;
				CLANG_WARN_EMPTY_BODY = YES;
				CLANG_WARN_ENUM_CONVERSION = YES;
				CLANG_WARN_INFINITE_RECURSION = YES;
				CLANG_WARN_INT_CONVERSION = YES;
				CLANG_WARN_NON_LITERAL_NULL_CONVERSION = YES;
				CLANG_WARN_OBJC_IMPLICIT_RETAIN_SELF = YES;
				CLANG_WARN_OBJC_LITERAL_CONVERSION = YES;
				CLANG_WARN_OBJC_ROOT_CLASS = YES_ERROR;
				CLANG_WARN_QUOTED_INCLUDE_IN_FRAMEWORK_HEADER = YES;
				CLANG_WARN_RANGE_LOOP_ANALYSIS = YES;
				CLANG_WARN_STRICT_PROTOTYPES = YES;
				CLANG_WARN_SUSPICIOUS_MOVE = YES;
				CLANG_WARN_UNGUARDED_AVAILABILITY = YES_AGGRESSIVE;
				CLANG_WARN_UNREACHABLE_CODE = YES;
				CLANG_WARN__DUPLICATE_METHOD_MATCH = YES;
				COPY_PHASE_STRIP = NO;
				DEBUG_INFORMATION_FORMAT = dwarf;
				ENABLE_STRICT_OBJC_MSGSEND = YES;
				ENABLE_TESTABILITY = YES;
				GCC_C_LANGUAGE_STANDARD = gnu11;
				GCC_DYNAMIC_NO_PIC = NO;
				GCC_NO_COMMON_BLOCKS = YES;
				GCC_OPTIMIZATION_LEVEL = 0;
				GCC_PREPROCESSOR_DEFINITIONS = (
					"DEBUG=1",
					"$(inherited)",
				);
				GCC_WARN_64_TO_32_BIT_CONVERSION = YES;
				GCC_WARN_ABOUT_RETURN_TYPE = YES_ERROR;
				GCC_WARN_UNDECLARED_SELECTOR = YES;
				GCC_WARN_UNINITIALIZED_AUTOS = YES_AGGRESSIVE;
				GCC_WARN_UNUSED_FUNCTION = YES;
				GCC_WARN_UNUSED_VARIABLE = YES;
				IPHONEOS_DEPLOYMENT_TARGET = 14.4;
				MTL_ENABLE_DEBUG_INFO = INCLUDE_SOURCE;
				MTL_FAST_MATH = YES;
				ONLY_ACTIVE_ARCH = YES;
				SDKROOT = iphoneos;
				SWIFT_ACTIVE_COMPILATION_CONDITIONS = DEBUG;
				SWIFT_OPTIMIZATION_LEVEL = "-Onone";
			};
			name = Debug;
		};
		43A195A725F7AC7B00A3A7D7 /* Release */ = {
			isa = XCBuildConfiguration;
			buildSettings = {
				ALWAYS_SEARCH_USER_PATHS = NO;
				CLANG_ANALYZER_NONNULL = YES;
				CLANG_ANALYZER_NUMBER_OBJECT_CONVERSION = YES_AGGRESSIVE;
				CLANG_CXX_LANGUAGE_STANDARD = "gnu++14";
				CLANG_CXX_LIBRARY = "libc++";
				CLANG_ENABLE_MODULES = YES;
				CLANG_ENABLE_OBJC_ARC = YES;
				CLANG_ENABLE_OBJC_WEAK = YES;
				CLANG_WARN_BLOCK_CAPTURE_AUTORELEASING = YES;
				CLANG_WARN_BOOL_CONVERSION = YES;
				CLANG_WARN_COMMA = YES;
				CLANG_WARN_CONSTANT_CONVERSION = YES;
				CLANG_WARN_DEPRECATED_OBJC_IMPLEMENTATIONS = YES;
				CLANG_WARN_DIRECT_OBJC_ISA_USAGE = YES_ERROR;
				CLANG_WARN_DOCUMENTATION_COMMENTS = YES;
				CLANG_WARN_EMPTY_BODY = YES;
				CLANG_WARN_ENUM_CONVERSION = YES;
				CLANG_WARN_INFINITE_RECURSION = YES;
				CLANG_WARN_INT_CONVERSION = YES;
				CLANG_WARN_NON_LITERAL_NULL_CONVERSION = YES;
				CLANG_WARN_OBJC_IMPLICIT_RETAIN_SELF = YES;
				CLANG_WARN_OBJC_LITERAL_CONVERSION = YES;
				CLANG_WARN_OBJC_ROOT_CLASS = YES_ERROR;
				CLANG_WARN_QUOTED_INCLUDE_IN_FRAMEWORK_HEADER = YES;
				CLANG_WARN_RANGE_LOOP_ANALYSIS = YES;
				CLANG_WARN_STRICT_PROTOTYPES = YES;
				CLANG_WARN_SUSPICIOUS_MOVE = YES;
				CLANG_WARN_UNGUARDED_AVAILABILITY = YES_AGGRESSIVE;
				CLANG_WARN_UNREACHABLE_CODE = YES;
				CLANG_WARN__DUPLICATE_METHOD_MATCH = YES;
				COPY_PHASE_STRIP = NO;
				DEBUG_INFORMATION_FORMAT = "dwarf-with-dsym";
				ENABLE_NS_ASSERTIONS = NO;
				ENABLE_STRICT_OBJC_MSGSEND = YES;
				GCC_C_LANGUAGE_STANDARD = gnu11;
				GCC_NO_COMMON_BLOCKS = YES;
				GCC_WARN_64_TO_32_BIT_CONVERSION = YES;
				GCC_WARN_ABOUT_RETURN_TYPE = YES_ERROR;
				GCC_WARN_UNDECLARED_SELECTOR = YES;
				GCC_WARN_UNINITIALIZED_AUTOS = YES_AGGRESSIVE;
				GCC_WARN_UNUSED_FUNCTION = YES;
				GCC_WARN_UNUSED_VARIABLE = YES;
				IPHONEOS_DEPLOYMENT_TARGET = 14.4;
				MTL_ENABLE_DEBUG_INFO = NO;
				MTL_FAST_MATH = YES;
				SDKROOT = iphoneos;
				SWIFT_COMPILATION_MODE = wholemodule;
				SWIFT_OPTIMIZATION_LEVEL = "-O";
				VALIDATE_PRODUCT = YES;
			};
			name = Release;
		};
		43A195A925F7AC7B00A3A7D7 /* Debug */ = {
			isa = XCBuildConfiguration;
			baseConfigurationReference = DD60D20F1C75C5C8EEF6EC99 /* Pods-Github.debug.xcconfig */;
			buildSettings = {
				ASSETCATALOG_COMPILER_APPICON_NAME = AppIcon;
				ASSETCATALOG_COMPILER_GLOBAL_ACCENT_COLOR_NAME = AccentColor;
				CODE_SIGN_STYLE = Automatic;
				DEVELOPMENT_TEAM = 78KUVKG9C4;
				INFOPLIST_FILE = Github/Info.plist;
				LD_RUNPATH_SEARCH_PATHS = (
					"$(inherited)",
					"@executable_path/Frameworks",
				);
				PRODUCT_BUNDLE_IDENTIFIER = tatsushi.fukunaga.Github;
				PRODUCT_NAME = "$(TARGET_NAME)";
				SWIFT_VERSION = 5.0;
				TARGETED_DEVICE_FAMILY = 1;
			};
			name = Debug;
		};
		43A195AA25F7AC7B00A3A7D7 /* Release */ = {
			isa = XCBuildConfiguration;
			baseConfigurationReference = E55003A780ABFD0E2F9BFCBB /* Pods-Github.release.xcconfig */;
			buildSettings = {
				ASSETCATALOG_COMPILER_APPICON_NAME = AppIcon;
				ASSETCATALOG_COMPILER_GLOBAL_ACCENT_COLOR_NAME = AccentColor;
				CODE_SIGN_STYLE = Automatic;
				DEVELOPMENT_TEAM = 78KUVKG9C4;
				INFOPLIST_FILE = Github/Info.plist;
				LD_RUNPATH_SEARCH_PATHS = (
					"$(inherited)",
					"@executable_path/Frameworks",
				);
				PRODUCT_BUNDLE_IDENTIFIER = tatsushi.fukunaga.Github;
				PRODUCT_NAME = "$(TARGET_NAME)";
				SWIFT_VERSION = 5.0;
				TARGETED_DEVICE_FAMILY = 1;
			};
			name = Release;
		};
/* End XCBuildConfiguration section */

/* Begin XCConfigurationList section */
		43A1958F25F7AC7400A3A7D7 /* Build configuration list for PBXProject "Github" */ = {
			isa = XCConfigurationList;
			buildConfigurations = (
				43A195A625F7AC7B00A3A7D7 /* Debug */,
				43A195A725F7AC7B00A3A7D7 /* Release */,
			);
			defaultConfigurationIsVisible = 0;
			defaultConfigurationName = Release;
		};
		43A195A825F7AC7B00A3A7D7 /* Build configuration list for PBXNativeTarget "Github" */ = {
			isa = XCConfigurationList;
			buildConfigurations = (
				43A195A925F7AC7B00A3A7D7 /* Debug */,
				43A195AA25F7AC7B00A3A7D7 /* Release */,
			);
			defaultConfigurationIsVisible = 0;
			defaultConfigurationName = Release;
		};
/* End XCConfigurationList section */
	};
	rootObject = 43A1958C25F7AC7400A3A7D7 /* Project object */;
}
